
Microsoft Visual Studio Solution File, Format Version 12.00
# Visual Studio Version 17
VisualStudioVersion = 17.7.34031.279
MinimumVisualStudioVersion = 10.0.40219.1
Project("{FAE04EC0-301F-11D3-BF4B-00C04F79EFBC}") = "TAS.API", "TAS.API\TAS.API.csproj", "{A5F6A620-B416-4DD6-8859-8840D61828D8}"
EndProject
Project("{FAE04EC0-301F-11D3-BF4B-00C04F79EFBC}") = "TAS.Application", "TAS.Application\TAS.Application.csproj", "{735634AE-B442-4ABF-AEA2-111480707009}"
EndProject
Project("{FAE04EC0-301F-11D3-BF4B-00C04F79EFBC}") = "TAS.Data", "TAS.Data\TAS.Data.csproj", "{EC960071-45D8-420E-B120-7ED0AA2D7BC4}"
EndProject
Project("{FAE04EC0-301F-11D3-BF4B-00C04F79EFBC}") = "TAS.Data.EF", "TAS.Data.EF\TAS.Data.EF.csproj", "{286E601B-E7F2-4D30-BB99-CBB8DAA45246}"
EndProject
Project("{FAE04EC0-301F-11D3-BF4B-00C04F79EFBC}") = "TAS.Infrastructure", "TAS.Infrastructure\TAS.Infrastructure.csproj", "{8CC9F21B-DCB6-4C8A-BBDB-E91206E68F5D}"
EndProject
Global
	GlobalSection(SolutionConfigurationPlatforms) = preSolution
		Debug|Any CPU = Debug|Any CPU
		Release|Any CPU = Release|Any CPU
	EndGlobalSection
	GlobalSection(ProjectConfigurationPlatforms) = postSolution
		{A5F6A620-B416-4DD6-8859-8840D61828D8}.Debug|Any CPU.ActiveCfg = Debug|Any CPU
		{A5F6A620-B416-4DD6-8859-8840D61828D8}.Debug|Any CPU.Build.0 = Debug|Any CPU
		{A5F6A620-B416-4DD6-8859-8840D61828D8}.Release|Any CPU.ActiveCfg = Release|Any CPU
		{A5F6A620-B416-4DD6-8859-8840D61828D8}.Release|Any CPU.Build.0 = Release|Any CPU
		{735634AE-B442-4ABF-AEA2-111480707009}.Debug|Any CPU.ActiveCfg = Debug|Any CPU
		{735634AE-B442-4ABF-AEA2-111480707009}.Debug|Any CPU.Build.0 = Debug|Any CPU
		{735634AE-B442-4ABF-AEA2-111480707009}.Release|Any CPU.ActiveCfg = Release|Any CPU
		{735634AE-B442-4ABF-AEA2-111480707009}.Release|Any CPU.Build.0 = Release|Any CPU
		{EC960071-45D8-420E-B120-7ED0AA2D7BC4}.Debug|Any CPU.ActiveCfg = Debug|Any CPU
		{EC960071-45D8-420E-B120-7ED0AA2D7BC4}.Debug|Any CPU.Build.0 = Debug|Any CPU
		{EC960071-45D8-420E-B120-7ED0AA2D7BC4}.Release|Any CPU.ActiveCfg = Release|Any CPU
		{EC960071-45D8-420E-B120-7ED0AA2D7BC4}.Release|Any CPU.Build.0 = Release|Any CPU
		{286E601B-E7F2-4D30-BB99-CBB8DAA45246}.Debug|Any CPU.ActiveCfg = Debug|Any CPU
		{286E601B-E7F2-4D30-BB99-CBB8DAA45246}.Debug|Any CPU.Build.0 = Debug|Any CPU
		{286E601B-E7F2-4D30-BB99-CBB8DAA45246}.Release|Any CPU.ActiveCfg = Release|Any CPU
		{286E601B-E7F2-4D30-BB99-CBB8DAA45246}.Release|Any CPU.Build.0 = Release|Any CPU
		{8CC9F21B-DCB6-4C8A-BBDB-E91206E68F5D}.Debug|Any CPU.ActiveCfg = Debug|Any CPU
		{8CC9F21B-DCB6-4C8A-BBDB-E91206E68F5D}.Debug|Any CPU.Build.0 = Debug|Any CPU
		{8CC9F21B-DCB6-4C8A-BBDB-E91206E68F5D}.Release|Any CPU.ActiveCfg = Release|Any CPU
		{8CC9F21B-DCB6-4C8A-BBDB-E91206E68F5D}.Release|Any CPU.Build.0 = Release|Any CPU
	EndGlobalSection
	GlobalSection(SolutionProperties) = preSolution
		HideSolutionNode = FALSE
	EndGlobalSection
	GlobalSection(ExtensibilityGlobals) = postSolution
		SolutionGuid = {6678A7B6-892F-49A1-B1D8-1B58B5CC74AB}
	EndGlobalSection
EndGlobal
